
Microsoft Visual Studio Solution File, Format Version 12.00
# Visual Studio Version 17
VisualStudioVersion = 17.3.32929.385
MinimumVisualStudioVersion = 10.0.40219.1
Project("{FAE04EC0-301F-11D3-BF4B-00C04F79EFBC}") = "SimulacionEjercicios2", "SimulacionEjercicios2.csproj", "{063BF62C-46D6-425B-BC2C-EB56C0654EA8}"
EndProject
Global
	GlobalSection(SolutionConfigurationPlatforms) = preSolution
		Debug|Any CPU = Debug|Any CPU
		Release|Any CPU = Release|Any CPU
	EndGlobalSection
	GlobalSection(ProjectConfigurationPlatforms) = postSolution
		{063BF62C-46D6-425B-BC2C-EB56C0654EA8}.Debug|Any CPU.ActiveCfg = Debug|Any CPU
		{063BF62C-46D6-425B-BC2C-EB56C0654EA8}.Debug|Any CPU.Build.0 = Debug|Any CPU
		{063BF62C-46D6-425B-BC2C-EB56C0654EA8}.Release|Any CPU.ActiveCfg = Release|Any CPU
		{063BF62C-46D6-425B-BC2C-EB56C0654EA8}.Release|Any CPU.Build.0 = Release|Any CPU
	EndGlobalSection
	GlobalSection(SolutionProperties) = preSolution
		HideSolutionNode = FALSE
	EndGlobalSection
	GlobalSection(ExtensibilityGlobals) = postSolution
		SolutionGuid = {755A34A9-9A52-47FD-BAC5-E8984036EF6E}
	EndGlobalSection
EndGlobal
